<?xml version="1.0" encoding="utf-8"?>
<Project ToolsVersion="4.0" xmlns="http://schemas.microsoft.com/developer/msbuild/2003">
  <ItemGroup>
    <ClCompile Include="AtkCard.cpp">
      <Filter>소스</Filter>
    </ClCompile>
    <ClCompile Include="Boss.cpp">
      <Filter>소스</Filter>
    </ClCompile>
    <ClCompile Include="Card.cpp">
      <Filter>소스</Filter>
    </ClCompile>
    <ClCompile Include="CardImageManager.cpp">
      <Filter>소스</Filter>
    </ClCompile>
    <ClCompile Include="CardManager.cpp">
      <Filter>소스</Filter>
    </ClCompile>
    <ClCompile Include="CardTableManager.cpp">
      <Filter>소스</Filter>
    </ClCompile>
    <ClCompile Include="ImageLoad.cpp">
      <Filter>소스</Filter>
    </ClCompile>
    <ClCompile Include="ImageManager.cpp">
      <Filter>소스</Filter>
    </ClCompile>
    <ClCompile Include="InputGame.cpp">
      <Filter>소스</Filter>
    </ClCompile>
    <ClCompile Include="MainGame.cpp">
      <Filter>소스</Filter>
    </ClCompile>
    <ClCompile Include="Player.cpp">
      <Filter>소스</Filter>
    </ClCompile>
    <ClCompile Include="RenderManager.cpp">
      <Filter>소스</Filter>
    </ClCompile>
    <ClCompile Include="stage.cpp">
      <Filter>소스</Filter>
    </ClCompile>
    <ClCompile Include="Stats.cpp">
      <Filter>소스</Filter>
    </ClCompile>
    <ClCompile Include="Status.cpp">
      <Filter>소스</Filter>
    </ClCompile>
    <ClCompile Include="SupportCard.cpp">
      <Filter>소스</Filter>
    </ClCompile>
    <ClCompile Include="Timer.cpp">
      <Filter>소스</Filter>
    </ClCompile>
    <ClCompile Include="Shop.cpp">
      <Filter>내작업</Filter>
    </ClCompile>
    <ClCompile Include="DeckBuilding.cpp">
      <Filter>내작업</Filter>
    </ClCompile>
    <ClCompile Include="CardGacha.cpp">
      <Filter>내작업</Filter>
    </ClCompile>
    <ClCompile Include="ButtonManager.cpp">
      <Filter>내작업</Filter>
    </ClCompile>
    <ClCompile Include="DefCard.cpp">
      <Filter>소스</Filter>
    </ClCompile>
    <ClCompile Include="GameState.cpp">
      <Filter>소스</Filter>
    </ClCompile>
    <ClCompile Include="WM_Main.cpp">
      <Filter>메인</Filter>
    </ClCompile>
    <ClCompile Include="main.cpp">
      <Filter>메인</Filter>
    </ClCompile>
    <ClCompile Include="Button.cpp">
      <Filter>내작업</Filter>
    </ClCompile>
  </ItemGroup>
  <ItemGroup>
    <ClInclude Include="AtkCard.h">
      <Filter>헤더</Filter>
    </ClInclude>
    <ClInclude Include="BattleTypes.h">
      <Filter>헤더</Filter>
    </ClInclude>
    <ClInclude Include="Boss.h">
      <Filter>헤더</Filter>
    </ClInclude>
    <ClInclude Include="Card.h">
      <Filter>헤더</Filter>
    </ClInclude>
    <ClInclude Include="CardImageManager.h">
      <Filter>헤더</Filter>
    </ClInclude>
    <ClInclude Include="CardManager.h">
      <Filter>헤더</Filter>
    </ClInclude>
    <ClInclude Include="CardTableManager.h">
      <Filter>헤더</Filter>
    </ClInclude>
    <ClInclude Include="DefCard.h">
      <Filter>헤더</Filter>
    </ClInclude>
    <ClInclude Include="GameState.h">
      <Filter>헤더</Filter>
    </ClInclude>
    <ClInclude Include="ImageLoad.h">
      <Filter>헤더</Filter>
    </ClInclude>
    <ClInclude Include="ImageManager.h">
      <Filter>헤더</Filter>
    </ClInclude>
    <ClInclude Include="InputGame.h">
      <Filter>헤더</Filter>
    </ClInclude>
    <ClInclude Include="macroNum.h">
      <Filter>헤더</Filter>
    </ClInclude>
    <ClInclude Include="MainGame.h">
      <Filter>헤더</Filter>
    </ClInclude>
    <ClInclude Include="Player.h">
      <Filter>헤더</Filter>
    </ClInclude>
    <ClInclude Include="RenderManager.h">
      <Filter>헤더</Filter>
    </ClInclude>
    <ClInclude Include="Singleton.h">
      <Filter>헤더</Filter>
    </ClInclude>
    <ClInclude Include="stage.h">
      <Filter>헤더</Filter>
    </ClInclude>
    <ClInclude Include="Stats.h">
      <Filter>헤더</Filter>
    </ClInclude>
    <ClInclude Include="Status.h">
      <Filter>헤더</Filter>
    </ClInclude>
    <ClInclude Include="SupportCard.h">
      <Filter>헤더</Filter>
    </ClInclude>
    <ClInclude Include="Timer.h">
      <Filter>헤더</Filter>
    </ClInclude>
    <ClInclude Include="Shop.h">
      <Filter>내작업</Filter>
    </ClInclude>
    <ClInclude Include="DeckBuilding.h">
      <Filter>내작업</Filter>
    </ClInclude>
    <ClInclude Include="CardGacha.h">
      <Filter>내작업</Filter>
    </ClInclude>
    <ClInclude Include="ButtonManager.h">
      <Filter>내작업</Filter>
    </ClInclude>
    <ClInclude Include="Button.h">
      <Filter>내작업</Filter>
    </ClInclude>
  </ItemGroup>
  <ItemGroup>
    <Filter Include="헤더">
      <UniqueIdentifier>{3d0bbf5f-d6a4-4aa9-9052-a228a7872bd1}</UniqueIdentifier>
    </Filter>
    <Filter Include="소스">
      <UniqueIdentifier>{f49ed22c-6efa-4a03-857e-d6296dbf195e}</UniqueIdentifier>
    </Filter>
    <Filter Include="메인">
      <UniqueIdentifier>{2b3a8a69-0a73-47cf-bb40-3078a3557a19}</UniqueIdentifier>
    </Filter>
    <Filter Include="내작업">
      <UniqueIdentifier>{514ef603-a355-4676-abf7-1c17eea4e543}</UniqueIdentifier>
    </Filter>
  </ItemGroup>
  <ItemGroup>
    <None Include="Deck.json">
      <Filter>내작업</Filter>
    </None>
  </ItemGroup>
</Project>